
Microsoft Visual Studio Solution File, Format Version 12.00
# Visual Studio 2012
Project("{FAE04EC0-301F-11D3-BF4B-00C04F79EFBC}") = "MetanitMvc5", "MetanitMvc5\MetanitMvc5.csproj", "{149140BA-9D32-440B-A067-30FC6A9CCB30}"
EndProject
Global
	GlobalSection(SolutionConfigurationPlatforms) = preSolution
		Debug|Any CPU = Debug|Any CPU
		Release|Any CPU = Release|Any CPU
	EndGlobalSection
	GlobalSection(ProjectConfigurationPlatforms) = postSolution
		{149140BA-9D32-440B-A067-30FC6A9CCB30}.Debug|Any CPU.ActiveCfg = Debug|Any CPU
		{149140BA-9D32-440B-A067-30FC6A9CCB30}.Debug|Any CPU.Build.0 = Debug|Any CPU
		{149140BA-9D32-440B-A067-30FC6A9CCB30}.Release|Any CPU.ActiveCfg = Release|Any CPU
		{149140BA-9D32-440B-A067-30FC6A9CCB30}.Release|Any CPU.Build.0 = Release|Any CPU
	EndGlobalSection
	GlobalSection(SolutionProperties) = preSolution
		HideSolutionNode = FALSE
	EndGlobalSection
EndGlobal
